
Microsoft Visual Studio Solution File, Format Version 12.00
# Visual Studio Version 16
VisualStudioVersion = 25.0.1704.2
MinimumVisualStudioVersion = 10.0.40219.1
Project("{FAE04EC0-301F-11D3-BF4B-00C04F79EFBC}") = "MyTask", "MyTask\MyTask.csproj", "{26B751A2-F9D7-4E3F-A324-FFBC29B30155}"
EndProject
Global
	GlobalSection(SolutionConfigurationPlatforms) = preSolution
		Debug|Any CPU = Debug|Any CPU
		Release|Any CPU = Release|Any CPU
	EndGlobalSection
	GlobalSection(ProjectConfigurationPlatforms) = postSolution
		{26B751A2-F9D7-4E3F-A324-FFBC29B30155}.Debug|Any CPU.ActiveCfg = Debug|Any CPU
		{26B751A2-F9D7-4E3F-A324-FFBC29B30155}.Debug|Any CPU.Build.0 = Debug|Any CPU
		{26B751A2-F9D7-4E3F-A324-FFBC29B30155}.Release|Any CPU.ActiveCfg = Release|Any CPU
		{26B751A2-F9D7-4E3F-A324-FFBC29B30155}.Release|Any CPU.Build.0 = Release|Any CPU
	EndGlobalSection
	GlobalSection(SolutionProperties) = preSolution
		HideSolutionNode = FALSE
	EndGlobalSection
	GlobalSection(ExtensibilityGlobals) = postSolution
		SolutionGuid = {ED5492B7-1010-47BC-AF59-04D8B1ACBECD}
	EndGlobalSection
EndGlobal
